// !$*UTF8*$!
{
	archiveVersion = 1;
	classes = {
	};
	objectVersion = 50;
	objects = {

/* Begin PBXBuildFile section */
		74FBFCF526C8DB3F004B45E3 /* AppDelegate.swift in Sources */ = {isa = PBXBuildFile; fileRef = 74FBFCF426C8DB3F004B45E3 /* AppDelegate.swift */; };
		74FBFCF726C8DB3F004B45E3 /* SceneDelegate.swift in Sources */ = {isa = PBXBuildFile; fileRef = 74FBFCF626C8DB3F004B45E3 /* SceneDelegate.swift */; };
		74FBFCF926C8DB3F004B45E3 /* ViewController.swift in Sources */ = {isa = PBXBuildFile; fileRef = 74FBFCF826C8DB3F004B45E3 /* ViewController.swift */; };
		74FBFCFC26C8DB3F004B45E3 /* Main.storyboard in Resources */ = {isa = PBXBuildFile; fileRef = 74FBFCFA26C8DB3F004B45E3 /* Main.storyboard */; };
		74FBFCFE26C8DB40004B45E3 /* Assets.xcassets in Resources */ = {isa = PBXBuildFile; fileRef = 74FBFCFD26C8DB40004B45E3 /* Assets.xcassets */; };
		74FBFD0126C8DB40004B45E3 /* LaunchScreen.storyboard in Resources */ = {isa = PBXBuildFile; fileRef = 74FBFCFF26C8DB40004B45E3 /* LaunchScreen.storyboard */; };
		74FBFD0926C906C8004B45E3 /* AccountStatus.swift in Sources */ = {isa = PBXBuildFile; fileRef = 74FBFD0826C906C8004B45E3 /* AccountStatus.swift */; };
/* End PBXBuildFile section */

/* Begin PBXFileReference section */
		74FBFCF126C8DB3F004B45E3 /* LoginorSignup.app */ = {isa = PBXFileReference; explicitFileType = wrapper.application; includeInIndex = 0; path = LoginorSignup.app; sourceTree = BUILT_PRODUCTS_DIR; };
		74FBFCF426C8DB3F004B45E3 /* AppDelegate.swift */ = {isa = PBXFileReference; lastKnownFileType = sourcecode.swift; path = AppDelegate.swift; sourceTree = "<group>"; };
		74FBFCF626C8DB3F004B45E3 /* SceneDelegate.swift */ = {isa = PBXFileReference; lastKnownFileType = sourcecode.swift; path = SceneDelegate.swift; sourceTree = "<group>"; };
		74FBFCF826C8DB3F004B45E3 /* ViewController.swift */ = {isa = PBXFileReference; lastKnownFileType = sourcecode.swift; path = ViewController.swift; sourceTree = "<group>"; };
		74FBFCFB26C8DB3F004B45E3 /* Base */ = {isa = PBXFileReference; lastKnownFileType = file.storyboard; name = Base; path = Base.lproj/Main.storyboard; sourceTree = "<group>"; };
		74FBFCFD26C8DB40004B45E3 /* Assets.xcassets */ = {isa = PBXFileReference; lastKnownFileType = folder.assetcatalog; path = Assets.xcassets; sourceTree = "<group>"; };
		74FBFD0026C8DB40004B45E3 /* Base */ = {isa = PBXFileReference; lastKnownFileType = file.storyboard; name = Base; path = Base.lproj/LaunchScreen.storyboard; sourceTree = "<group>"; };
		74FBFD0226C8DB40004B45E3 /* Info.plist */ = {isa = PBXFileReference; lastKnownFileType = text.plist.xml; path = Info.plist; sourceTree = "<group>"; };
		74FBFD0826C906C8004B45E3 /* AccountStatus.swift */ = {isa = PBXFileReference; lastKnownFileType = sourcecode.swift; path = AccountStatus.swift; sourceTree = "<group>"; };
/* End PBXFileReference section */

/* Begin PBXFrameworksBuildPhase section */
		74FBFCEE26C8DB3F004B45E3 /* Frameworks */ = {
			isa = PBXFrameworksBuildPhase;
			buildActionMask = 2147483647;
			files = (
			);
			runOnlyForDeploymentPostprocessing = 0;
		};
/* End PBXFrameworksBuildPhase section */

/* Begin PBXGroup section */
		74FBFCE826C8DB3F004B45E3 = {
			isa = PBXGroup;
			children = (
				74FBFCF326C8DB3F004B45E3 /* LoginorSignup */,
				74FBFCF226C8DB3F004B45E3 /* Products */,
			);
			sourceTree = "<group>";
		};
		74FBFCF226C8DB3F004B45E3 /* Products */ = {
			isa = PBXGroup;
			children = (
				74FBFCF126C8DB3F004B45E3 /* LoginorSignup.app */,
			);
			name = Products;
			sourceTree = "<group>";
		};
		74FBFCF326C8DB3F004B45E3 /* LoginorSignup */ = {
			isa = PBXGroup;
			children = (
				74FBFCF426C8DB3F004B45E3 /* AppDelegate.swift */,
				74FBFCF626C8DB3F004B45E3 /* SceneDelegate.swift */,
				74FBFCF826C8DB3F004B45E3 /* ViewController.swift */,
				74FBFD0826C906C8004B45E3 /* AccountStatus.swift */,
				74FBFCFA26C8DB3F004B45E3 /* Main.storyboard */,
				74FBFCFD26C8DB40004B45E3 /* Assets.xcassets */,
				74FBFCFF26C8DB40004B45E3 /* LaunchScreen.storyboard */,
				74FBFD0226C8DB40004B45E3 /* Info.plist */,
			);
			path = LoginorSignup;
			sourceTree = "<group>";
		};
/* End PBXGroup section */

/* Begin PBXNativeTarget section */
		74FBFCF026C8DB3F004B45E3 /* LoginorSignup */ = {
			isa = PBXNativeTarget;
			buildConfigurationList = 74FBFD0526C8DB40004B45E3 /* Build configuration list for PBXNativeTarget "LoginorSignup" */;
			buildPhases = (
				74FBFCED26C8DB3F004B45E3 /* Sources */,
				74FBFCEE26C8DB3F004B45E3 /* Frameworks */,
				74FBFCEF26C8DB3F004B45E3 /* Resources */,
			);
			buildRules = (
			);
			dependencies = (
			);
			name = LoginorSignup;
			productName = LoginorSignup;
			productReference = 74FBFCF126C8DB3F004B45E3 /* LoginorSignup.app */;
			productType = "com.apple.product-type.application";
		};
/* End PBXNativeTarget section */

/* Begin PBXProject section */
		74FBFCE926C8DB3F004B45E3 /* Project object */ = {
			isa = PBXProject;
			attributes = {
				LastSwiftUpdateCheck = 1250;
				LastUpgradeCheck = 1250;
				TargetAttributes = {
					74FBFCF026C8DB3F004B45E3 = {
						CreatedOnToolsVersion = 12.5.1;
					};
				};
			};
			buildConfigurationList = 74FBFCEC26C8DB3F004B45E3 /* Build configuration list for PBXProject "LoginorSignup" */;
			compatibilityVersion = "Xcode 9.3";
			developmentRegion = en;
			hasScannedForEncodings = 0;
			knownRegions = (
				en,
				Base,
			);
			mainGroup = 74FBFCE826C8DB3F004B45E3;
			productRefGroup = 74FBFCF226C8DB3F004B45E3 /* Products */;
			projectDirPath = "";
			projectRoot = "";
			targets = (
				74FBFCF026C8DB3F004B45E3 /* LoginorSignup */,
			);
		};
/* End PBXProject section */

/* Begin PBXResourcesBuildPhase section */
		74FBFCEF26C8DB3F004B45E3 /* Resources */ = {
			isa = PBXResourcesBuildPhase;
			buildActionMask = 2147483647;
			files = (
				74FBFD0126C8DB40004B45E3 /* LaunchScreen.storyboard in Resources */,
				74FBFCFE26C8DB40004B45E3 /* Assets.xcassets in Resources */,
				74FBFCFC26C8DB3F004B45E3 /* Main.storyboard in Resources */,
			);
			runOnlyForDeploymentPostprocessing = 0;
		};
/* End PBXResourcesBuildPhase section */

/* Begin PBXSourcesBuildPhase section */
		74FBFCED26C8DB3F004B45E3 /* Sources */ = {
			isa = PBXSourcesBuildPhase;
			buildActionMask = 2147483647;
			files = (
				74FBFCF926C8DB3F004B45E3 /* ViewController.swift in Sources */,
				74FBFCF526C8DB3F004B45E3 /* AppDelegate.swift in Sources */,
				74FBFCF726C8DB3F004B45E3 /* SceneDelegate.swift in Sources */,
				74FBFD0926C906C8004B45E3 /* AccountStatus.swift in Sources */,
			);
			runOnlyForDeploymentPostprocessing = 0;
		};
/* End PBXSourcesBuildPhase section */

/* Begin PBXVariantGroup section */
		74FBFCFA26C8DB3F004B45E3 /* Main.storyboard */ = {
			isa = PBXVariantGroup;
			children = (
				74FBFCFB26C8DB3F004B45E3 /* Base */,
			);
			name = Main.storyboard;
			sourceTree = "<group>";
		};
		74FBFCFF26C8DB40004B45E3 /* LaunchScreen.storyboard */ = {
			isa = PBXVariantGroup;
			children = (
				74FBFD0026C8DB40004B45E3 /* Base */,
			);
			name = LaunchScreen.storyboard;
			sourceTree = "<group>";
		};
/* End PBXVariantGroup section */

/* Begin XCBuildConfiguration section */
		74FBFD0326C8DB40004B45E3 /* Debug */ = {
			isa = XCBuildConfiguration;
			buildSettings = {
				ALWAYS_SEARCH_USER_PATHS = NO;
				CLANG_ANALYZER_NONNULL = YES;
				CLANG_ANALYZER_NUMBER_OBJECT_CONVERSION = YES_AGGRESSIVE;
				CLANG_CXX_LANGUAGE_STANDARD = "gnu++14";
				CLANG_CXX_LIBRARY = "libc++";
				CLANG_ENABLE_MODULES = YES;
				CLANG_ENABLE_OBJC_ARC = YES;
				CLANG_ENABLE_OBJC_WEAK = YES;
				CLANG_WARN_BLOCK_CAPTURE_AUTORELEASING = YES;
				CLANG_WARN_BOOL_CONVERSION = YES;
				CLANG_WARN_COMMA = YES;
				CLANG_WARN_CONSTANT_CONVERSION = YES;
				CLANG_WARN_DEPRECATED_OBJC_IMPLEMENTATIONS = YES;
				CLANG_WARN_DIRECT_OBJC_ISA_USAGE = YES_ERROR;
				CLANG_WARN_DOCUMENTATION_COMMENTS = YES;
				CLANG_WARN_EMPTY_BODY = YES;
				CLANG_WARN_ENUM_CONVERSION = YES;
				CLANG_WARN_INFINITE_RECURSION = YES;
				CLANG_WARN_INT_CONVERSION = YES;
				CLANG_WARN_NON_LITERAL_NULL_CONVERSION = YES;
				CLANG_WARN_OBJC_IMPLICIT_RETAIN_SELF = YES;
				CLANG_WARN_OBJC_LITERAL_CONVERSION = YES;
				CLANG_WARN_OBJC_ROOT_CLASS = YES_ERROR;
				CLANG_WARN_QUOTED_INCLUDE_IN_FRAMEWORK_HEADER = YES;
				CLANG_WARN_RANGE_LOOP_ANALYSIS = YES;
				CLANG_WARN_STRICT_PROTOTYPES = YES;
				CLANG_WARN_SUSPICIOUS_MOVE = YES;
				CLANG_WARN_UNGUARDED_AVAILABILITY = YES_AGGRESSIVE;
				CLANG_WARN_UNREACHABLE_CODE = YES;
				CLANG_WARN__DUPLICATE_METHOD_MATCH = YES;
				COPY_PHASE_STRIP = NO;
				DEBUG_INFORMATION_FORMAT = dwarf;
				ENABLE_STRICT_OBJC_MSGSEND = YES;
				ENABLE_TESTABILITY = YES;
				GCC_C_LANGUAGE_STANDARD = gnu11;
				GCC_DYNAMIC_NO_PIC = NO;
				GCC_NO_COMMON_BLOCKS = YES;
				GCC_OPTIMIZATION_LEVEL = 0;
				GCC_PREPROCESSOR_DEFINITIONS = (
					"DEBUG=1",
					"$(inherited)",
				);
				GCC_WARN_64_TO_32_BIT_CONVERSION = YES;
				GCC_WARN_ABOUT_RETURN_TYPE = YES_ERROR;
				GCC_WARN_UNDECLARED_SELECTOR = YES;
				GCC_WARN_UNINITIALIZED_AUTOS = YES_AGGRESSIVE;
				GCC_WARN_UNUSED_FUNCTION = YES;
				GCC_WARN_UNUSED_VARIABLE = YES;
				IPHONEOS_DEPLOYMENT_TARGET = 14.5;
				MTL_ENABLE_DEBUG_INFO = INCLUDE_SOURCE;
				MTL_FAST_MATH = YES;
				ONLY_ACTIVE_ARCH = YES;
				SDKROOT = iphoneos;
				SWIFT_ACTIVE_COMPILATION_CONDITIONS = DEBUG;
				SWIFT_OPTIMIZATION_LEVEL = "-Onone";
			};
			name = Debug;
		};
		74FBFD0426C8DB40004B45E3 /* Release */ = {
			isa = XCBuildConfiguration;
			buildSettings = {
				ALWAYS_SEARCH_USER_PATHS = NO;
				CLANG_ANALYZER_NONNULL = YES;
				CLANG_ANALYZER_NUMBER_OBJECT_CONVERSION = YES_AGGRESSIVE;
				CLANG_CXX_LANGUAGE_STANDARD = "gnu++14";
				CLANG_CXX_LIBRARY = "libc++";
				CLANG_ENABLE_MODULES = YES;
				CLANG_ENABLE_OBJC_ARC = YES;
				CLANG_ENABLE_OBJC_WEAK = YES;
				CLANG_WARN_BLOCK_CAPTURE_AUTORELEASING = YES;
				CLANG_WARN_BOOL_CONVERSION = YES;
				CLANG_WARN_COMMA = YES;
				CLANG_WARN_CONSTANT_CONVERSION = YES;
				CLANG_WARN_DEPRECATED_OBJC_IMPLEMENTATIONS = YES;
				CLANG_WARN_DIRECT_OBJC_ISA_USAGE = YES_ERROR;
				CLANG_WARN_DOCUMENTATION_COMMENTS = YES;
				CLANG_WARN_EMPTY_BODY = YES;
				CLANG_WARN_ENUM_CONVERSION = YES;
				CLANG_WARN_INFINITE_RECURSION = YES;
				CLANG_WARN_INT_CONVERSION = YES;
				CLANG_WARN_NON_LITERAL_NULL_CONVERSION = YES;
				CLANG_WARN_OBJC_IMPLICIT_RETAIN_SELF = YES;
				CLANG_WARN_OBJC_LITERAL_CONVERSION = YES;
				CLANG_WARN_OBJC_ROOT_CLASS = YES_ERROR;
				CLANG_WARN_QUOTED_INCLUDE_IN_FRAMEWORK_HEADER = YES;
				CLANG_WARN_RANGE_LOOP_ANALYSIS = YES;
				CLANG_WARN_STRICT_PROTOTYPES = YES;
				CLANG_WARN_SUSPICIOUS_MOVE = YES;
				CLANG_WARN_UNGUARDED_AVAILABILITY = YES_AGGRESSIVE;
				CLANG_WARN_UNREACHABLE_CODE = YES;
				CLANG_WARN__DUPLICATE_METHOD_MATCH = YES;
				COPY_PHASE_STRIP = NO;
				DEBUG_INFORMATION_FORMAT = "dwarf-with-dsym";
				ENABLE_NS_ASSERTIONS = NO;
				ENABLE_STRICT_OBJC_MSGSEND = YES;
				GCC_C_LANGUAGE_STANDARD = gnu11;
				GCC_NO_COMMON_BLOCKS = YES;
				GCC_WARN_64_TO_32_BIT_CONVERSION = YES;
				GCC_WARN_ABOUT_RETURN_TYPE = YES_ERROR;
				GCC_WARN_UNDECLARED_SELECTOR = YES;
				GCC_WARN_UNINITIALIZED_AUTOS = YES_AGGRESSIVE;
				GCC_WARN_UNUSED_FUNCTION = YES;
				GCC_WARN_UNUSED_VARIABLE = YES;
				IPHONEOS_DEPLOYMENT_TARGET = 14.5;
				MTL_ENABLE_DEBUG_INFO = NO;
				MTL_FAST_MATH = YES;
				SDKROOT = iphoneos;
				SWIFT_COMPILATION_MODE = wholemodule;
				SWIFT_OPTIMIZATION_LEVEL = "-O";
				VALIDATE_PRODUCT = YES;
			};
			name = Release;
		};
		74FBFD0626C8DB40004B45E3 /* Debug */ = {
			isa = XCBuildConfiguration;
			buildSettings = {
				ASSETCATALOG_COMPILER_APPICON_NAME = AppIcon;
				ASSETCATALOG_COMPILER_GLOBAL_ACCENT_COLOR_NAME = AccentColor;
				CODE_SIGN_STYLE = Automatic;
				DEVELOPMENT_TEAM = 2THHZQ7GX3;
				INFOPLIST_FILE = LoginorSignup/Info.plist;
				LD_RUNPATH_SEARCH_PATHS = (
					"$(inherited)",
					"@executable_path/Frameworks",
				);
				PRODUCT_BUNDLE_IDENTIFIER = ed.LoginorSignup;
				PRODUCT_NAME = "$(TARGET_NAME)";
				SWIFT_VERSION = 5.0;
				TARGETED_DEVICE_FAMILY = "1,2";
			};
			name = Debug;
		};
		74FBFD0726C8DB40004B45E3 /* Release */ = {
			isa = XCBuildConfiguration;
			buildSettings = {
				ASSETCATALOG_COMPILER_APPICON_NAME = AppIcon;
				ASSETCATALOG_COMPILER_GLOBAL_ACCENT_COLOR_NAME = AccentColor;
				CODE_SIGN_STYLE = Automatic;
				DEVELOPMENT_TEAM = 2THHZQ7GX3;
				INFOPLIST_FILE = LoginorSignup/Info.plist;
				LD_RUNPATH_SEARCH_PATHS = (
					"$(inherited)",
					"@executable_path/Frameworks",
				);
				PRODUCT_BUNDLE_IDENTIFIER = ed.LoginorSignup;
				PRODUCT_NAME = "$(TARGET_NAME)";
				SWIFT_VERSION = 5.0;
				TARGETED_DEVICE_FAMILY = "1,2";
			};
			name = Release;
		};
/* End XCBuildConfiguration section */

/* Begin XCConfigurationList section */
		74FBFCEC26C8DB3F004B45E3 /* Build configuration list for PBXProject "LoginorSignup" */ = {
			isa = XCConfigurationList;
			buildConfigurations = (
				74FBFD0326C8DB40004B45E3 /* Debug */,
				74FBFD0426C8DB40004B45E3 /* Release */,
			);
			defaultConfigurationIsVisible = 0;
			defaultConfigurationName = Release;
		};
		74FBFD0526C8DB40004B45E3 /* Build configuration list for PBXNativeTarget "LoginorSignup" */ = {
			isa = XCConfigurationList;
			buildConfigurations = (
				74FBFD0626C8DB40004B45E3 /* Debug */,
				74FBFD0726C8DB40004B45E3 /* Release */,
			);
			defaultConfigurationIsVisible = 0;
			defaultConfigurationName = Release;
		};
/* End XCConfigurationList section */
	};
	rootObject = 74FBFCE926C8DB3F004B45E3 /* Project object */;
}
